
Microsoft Visual Studio Solution File, Format Version 12.00
# Visual Studio Version 16
VisualStudioVersion = 16.0.30717.126
MinimumVisualStudioVersion = 10.0.40219.1
Project("{FAE04EC0-301F-11D3-BF4B-00C04F79EFBC}") = "Oracle Login", "Oracle Login\Oracle Login.csproj", "{47028A07-2188-4A3A-853F-B54C280CB4A9}"
EndProject
Project("{FAE04EC0-301F-11D3-BF4B-00C04F79EFBC}") = "Oracle Launcher", "Oracle Launcher\Oracle Launcher.csproj", "{7A3F5DA7-8C1A-4C33-ABB0-620E14F91B1A}"
EndProject
Project("{FAE04EC0-301F-11D3-BF4B-00C04F79EFBC}") = "WebHandler", "WebHandler\WebHandler.csproj", "{3EFFBDB1-5544-4EE2-AFA5-37C28516DC2A}"
EndProject
Global
	GlobalSection(SolutionConfigurationPlatforms) = preSolution
		Debug|Any CPU = Debug|Any CPU
		Release|Any CPU = Release|Any CPU
	EndGlobalSection
	GlobalSection(ProjectConfigurationPlatforms) = postSolution
		{47028A07-2188-4A3A-853F-B54C280CB4A9}.Debug|Any CPU.ActiveCfg = Debug|Any CPU
		{47028A07-2188-4A3A-853F-B54C280CB4A9}.Debug|Any CPU.Build.0 = Debug|Any CPU
		{47028A07-2188-4A3A-853F-B54C280CB4A9}.Release|Any CPU.ActiveCfg = Release|Any CPU
		{47028A07-2188-4A3A-853F-B54C280CB4A9}.Release|Any CPU.Build.0 = Release|Any CPU
		{7A3F5DA7-8C1A-4C33-ABB0-620E14F91B1A}.Debug|Any CPU.ActiveCfg = Debug|Any CPU
		{7A3F5DA7-8C1A-4C33-ABB0-620E14F91B1A}.Debug|Any CPU.Build.0 = Debug|Any CPU
		{7A3F5DA7-8C1A-4C33-ABB0-620E14F91B1A}.Release|Any CPU.ActiveCfg = Release|Any CPU
		{7A3F5DA7-8C1A-4C33-ABB0-620E14F91B1A}.Release|Any CPU.Build.0 = Release|Any CPU
		{3EFFBDB1-5544-4EE2-AFA5-37C28516DC2A}.Debug|Any CPU.ActiveCfg = Debug|Any CPU
		{3EFFBDB1-5544-4EE2-AFA5-37C28516DC2A}.Debug|Any CPU.Build.0 = Debug|Any CPU
		{3EFFBDB1-5544-4EE2-AFA5-37C28516DC2A}.Release|Any CPU.ActiveCfg = Release|Any CPU
		{3EFFBDB1-5544-4EE2-AFA5-37C28516DC2A}.Release|Any CPU.Build.0 = Release|Any CPU
	EndGlobalSection
	GlobalSection(SolutionProperties) = preSolution
		HideSolutionNode = FALSE
	EndGlobalSection
	GlobalSection(ExtensibilityGlobals) = postSolution
		SolutionGuid = {44F3D41E-6D00-47B0-BE7C-DE722E7699B1}
	EndGlobalSection
EndGlobal
