
Microsoft Visual Studio Solution File, Format Version 12.00
# Visual Studio Version 17
VisualStudioVersion = 17.0.32112.339
MinimumVisualStudioVersion = 10.0.40219.1
Project("{FAE04EC0-301F-11D3-BF4B-00C04F79EFBC}") = "Oracle Launcher", "Oracle Launcher\Oracle Launcher.csproj", "{7A3F5DA7-8C1A-4C33-ABB0-620E14F91B1A}"
EndProject
Project("{FAE04EC0-301F-11D3-BF4B-00C04F79EFBC}") = "Oracle Updater", "Oracle Updater\Oracle Updater.csproj", "{AA5E5F56-E419-4CE0-A113-AF281475CBAB}"
EndProject
Global
	GlobalSection(SolutionConfigurationPlatforms) = preSolution
		Debug|Any CPU = Debug|Any CPU
		Release|Any CPU = Release|Any CPU
	EndGlobalSection
	GlobalSection(ProjectConfigurationPlatforms) = postSolution
		{7A3F5DA7-8C1A-4C33-ABB0-620E14F91B1A}.Debug|Any CPU.ActiveCfg = Debug|Any CPU
		{7A3F5DA7-8C1A-4C33-ABB0-620E14F91B1A}.Debug|Any CPU.Build.0 = Debug|Any CPU
		{7A3F5DA7-8C1A-4C33-ABB0-620E14F91B1A}.Release|Any CPU.ActiveCfg = Release|Any CPU
		{7A3F5DA7-8C1A-4C33-ABB0-620E14F91B1A}.Release|Any CPU.Build.0 = Release|Any CPU
		{AA5E5F56-E419-4CE0-A113-AF281475CBAB}.Debug|Any CPU.ActiveCfg = Debug|Any CPU
		{AA5E5F56-E419-4CE0-A113-AF281475CBAB}.Debug|Any CPU.Build.0 = Debug|Any CPU
		{AA5E5F56-E419-4CE0-A113-AF281475CBAB}.Release|Any CPU.ActiveCfg = Release|Any CPU
		{AA5E5F56-E419-4CE0-A113-AF281475CBAB}.Release|Any CPU.Build.0 = Release|Any CPU
	EndGlobalSection
	GlobalSection(SolutionProperties) = preSolution
		HideSolutionNode = FALSE
	EndGlobalSection
	GlobalSection(ExtensibilityGlobals) = postSolution
		SolutionGuid = {44F3D41E-6D00-47B0-BE7C-DE722E7699B1}
	EndGlobalSection
EndGlobal
